
Microsoft Visual Studio Solution File, Format Version 11.00
# Visual Studio 2010
Project("{FAE04EC0-301F-11D3-BF4B-00C04F79EFBC}") = "Assembly-CSharp", "Assembly-CSharp.csproj", "{6649610c-1738-a629-d9ea-dab3c7fa513f}"
EndProject
Project("{FAE04EC0-301F-11D3-BF4B-00C04F79EFBC}") = "Assembly-CSharp-Editor", "Assembly-CSharp-Editor.csproj", "{3c3c8231-c3eb-f72c-bce9-10307b1d240b}"
EndProject
Global
	GlobalSection(SolutionConfigurationPlatforms) = preSolution
		Debug|Any CPU = Debug|Any CPU
	EndGlobalSection
	GlobalSection(ProjectConfigurationPlatforms) = postSolution
		{6649610c-1738-a629-d9ea-dab3c7fa513f}.Debug|Any CPU.ActiveCfg = Debug|Any CPU
		{6649610c-1738-a629-d9ea-dab3c7fa513f}.Debug|Any CPU.Build.0 = Debug|Any CPU
		{3c3c8231-c3eb-f72c-bce9-10307b1d240b}.Debug|Any CPU.ActiveCfg = Debug|Any CPU
		{3c3c8231-c3eb-f72c-bce9-10307b1d240b}.Debug|Any CPU.Build.0 = Debug|Any CPU
	EndGlobalSection
	GlobalSection(SolutionProperties) = preSolution
		HideSolutionNode = FALSE
	EndGlobalSection
EndGlobal
