Microsoft Visual Studio Solution File, Format Version 12.00
# Visual Studio 2013
VisualStudioVersion = 12.0.30723.0
MinimumVisualStudioVersion = 10.0.40219.1
Project("{FAE04EC0-301F-11D3-BF4B-00C04F79EFBC}") = "Assembly-CSharp", "Assembly-CSharp.csproj", "{0C614966-3817-29A6-D9EA-DAB3C7FA513F}"
EndProject
Project("{FAE04EC0-301F-11D3-BF4B-00C04F79EFBC}") = "LogicUnitTest", "LogicUnitTest\LogicUnitTest.csproj", "{4BD6CDF8-43F5-4E48-B109-EAA264273C3E}"
EndProject
Global
	GlobalSection(SolutionConfigurationPlatforms) = preSolution
		Debug|Any CPU = Debug|Any CPU
		Release|Any CPU = Release|Any CPU
	EndGlobalSection
	GlobalSection(ProjectConfigurationPlatforms) = postSolution
		{0C614966-3817-29A6-D9EA-DAB3C7FA513F}.Debug|Any CPU.ActiveCfg = Debug|Any CPU
		{0C614966-3817-29A6-D9EA-DAB3C7FA513F}.Debug|Any CPU.Build.0 = Debug|Any CPU
		{0C614966-3817-29A6-D9EA-DAB3C7FA513F}.Release|Any CPU.ActiveCfg = Release|Any CPU
		{0C614966-3817-29A6-D9EA-DAB3C7FA513F}.Release|Any CPU.Build.0 = Release|Any CPU
		{4BD6CDF8-43F5-4E48-B109-EAA264273C3E}.Debug|Any CPU.ActiveCfg = Debug|Any CPU
		{4BD6CDF8-43F5-4E48-B109-EAA264273C3E}.Debug|Any CPU.Build.0 = Debug|Any CPU
		{4BD6CDF8-43F5-4E48-B109-EAA264273C3E}.Release|Any CPU.ActiveCfg = Release|Any CPU
		{4BD6CDF8-43F5-4E48-B109-EAA264273C3E}.Release|Any CPU.Build.0 = Release|Any CPU
	EndGlobalSection
	GlobalSection(SolutionProperties) = preSolution
		HideSolutionNode = FALSE
	EndGlobalSection
	GlobalSection(MonoDevelopProperties) = preSolution
		StartupItem = Assembly-CSharp.csproj
		Policies = $0
		$0.TextStylePolicy = $3
		$1.inheritsSet = null
		$1.scope = text/x-csharp
		$0.CSharpFormattingPolicy = $2
		$2.inheritsSet = Mono
		$2.inheritsScope = text/x-csharp
		$2.scope = text/x-csharp
		$3.FileWidth = 120
		$3.TabWidth = 4
		$3.IndentWidth = 4
		$3.EolMarker = Unix
		$3.inheritsSet = Mono
		$3.inheritsScope = text/plain
		$3.scope = text/plain
	EndGlobalSection
EndGlobal
